
Microsoft Visual Studio Solution File, Format Version 12.00
# Visual Studio 15
VisualStudioVersion = 15.0.28307.271
MinimumVisualStudioVersion = 10.0.40219.1
Project("{FAE04EC0-301F-11D3-BF4B-00C04F79EFBC}") = "HabeshaBit", "HabeshaBit\HabeshaBit.csproj", "{60510F25-95CA-4223-A536-3AF18A6570F3}"
EndProject
Global
	GlobalSection(SolutionConfigurationPlatforms) = preSolution
		Debug|Any CPU = Debug|Any CPU
		Release|Any CPU = Release|Any CPU
	EndGlobalSection
	GlobalSection(ProjectConfigurationPlatforms) = postSolution
		{60510F25-95CA-4223-A536-3AF18A6570F3}.Debug|Any CPU.ActiveCfg = Debug|Any CPU
		{60510F25-95CA-4223-A536-3AF18A6570F3}.Debug|Any CPU.Build.0 = Debug|Any CPU
		{60510F25-95CA-4223-A536-3AF18A6570F3}.Release|Any CPU.ActiveCfg = Release|Any CPU
		{60510F25-95CA-4223-A536-3AF18A6570F3}.Release|Any CPU.Build.0 = Release|Any CPU
	EndGlobalSection
	GlobalSection(SolutionProperties) = preSolution
		HideSolutionNode = FALSE
	EndGlobalSection
	GlobalSection(ExtensibilityGlobals) = postSolution
		SolutionGuid = {2A5DECEF-BDAD-4BFF-BD42-658F65D252FE}
	EndGlobalSection
EndGlobal
